{
  "version": "1",
  "skills": {
    "build-validator": {
      "id": "build-validator",
      "path": "release-pipeline/skills/build-validator",
      "hash": "sha256:e416d99558322a40a16cbab2bd2131bb9ea509337c45442104df7197ac87e53a",
      "requires": [],
      "version": "0.4.0",
      "parent": "release-pipeline"
    },
    "code-scaffold": {
      "id": "code-scaffold",
      "path": "code-scaffold",
      "hash": "sha256:5142f5fb0629e8aeb31e505e3cb87fc0598185629b9be5c65cb801fad6cb31d3",
      "requires": [],
      "version": "0.6.0"
    },
    "deploy-notify": {
      "id": "deploy-notify",
      "path": "deploy-notify",
      "hash": "sha256:0e5d5e9bbb37902c379f1280e6ed4f046d7d80f7aeefd7376e184577e8a0fb5f",
      "requires": [],
      "version": "1.0.0"
    },
    "e2e-test": {
      "id": "e2e-test",
      "path": "release-pipeline/skills/test-runner/skills/e2e-test",
      "hash": "sha256:20c16ae29b1fc92941d087ea0e78bc24e52d03c02848b4caaea4a1c290d10ccd",
      "requires": [],
      "version": "0.3.0",
      "parent": "test-runner"
    },
    "release-pipeline": {
      "id": "release-pipeline",
      "path": "release-pipeline",
      "hash": "sha256:d46aeb2530ae21650de709281f69dae8a594c074c0828013f88cfadc5aae1caa",
      "requires": [
        "deploy-notify"
      ],
      "version": "2.0.0"
    },
    "snapshot-test": {
      "id": "snapshot-test",
      "path": "release-pipeline/skills/test-runner/skills/snapshot-test",
      "hash": "sha256:9fb3bbcc8e25d265dbcdadbefc9255f84dca8a8d7936621d8394b2821cd99b75",
      "requires": [],
      "version": "0.2.0",
      "parent": "test-runner"
    },
    "test-runner": {
      "id": "test-runner",
      "path": "release-pipeline/skills/test-runner",
      "hash": "sha256:d18d97605b490952ba866f2a2b8627dd2c0ed8f1220fcb3a0dbad72909663ddf",
      "requires": [],
      "version": "1.1.0",
      "parent": "release-pipeline"
    },
    "unit-test": {
      "id": "unit-test",
      "path": "release-pipeline/skills/test-runner/skills/unit-test",
      "hash": "sha256:1f7340a619b8fc47acb6f73eb64b36fb9724587bc62d53fdc1cb0f06b515a931",
      "requires": [],
      "version": "0.5.0",
      "parent": "test-runner"
    }
  }
}