{
  "version": "1",
  "generatedBy": {
    "name": "sklock",
    "version": "0.2.0"
  },
  "workspaceHash": "sha256:243549ecc78aa177b3c8194324492068db02bc74360682f9a415c2caab338af1",
  "skills": {
    "initialize": {
      "id": "initialize",
      "path": "initialize",
      "contentHash": "sha256:2314f132d01035aafc537a86cc1da73221f8eb4d3b9068132105091de6cd378e",
      "closureHash": "sha256:2314f132d01035aafc537a86cc1da73221f8eb4d3b9068132105091de6cd378e",
      "requires": [],
      "version": "1.0.0"
    }
  }
}